
Microsoft Visual Studio Solution File, Format Version 12.00
# Visual Studio Version 17
VisualStudioVersion = 17.2.32616.157
MinimumVisualStudioVersion = 10.0.40219.1
Project("{9A19103F-16F7-4668-BE54-9A1E7A4F7556}") = "RequestsKeeper", "RequestsKeeper\RequestsKeeper.csproj", "{D0731702-7F80-4570-A86D-ABC6E57EDD7A}"
EndProject
Global
	GlobalSection(SolutionConfigurationPlatforms) = preSolution
		Debug|Any CPU = Debug|Any CPU
		Release|Any CPU = Release|Any CPU
	EndGlobalSection
	GlobalSection(ProjectConfigurationPlatforms) = postSolution
		{D0731702-7F80-4570-A86D-ABC6E57EDD7A}.Debug|Any CPU.ActiveCfg = Debug|Any CPU
		{D0731702-7F80-4570-A86D-ABC6E57EDD7A}.Debug|Any CPU.Build.0 = Debug|Any CPU
		{D0731702-7F80-4570-A86D-ABC6E57EDD7A}.Release|Any CPU.ActiveCfg = Release|Any CPU
		{D0731702-7F80-4570-A86D-ABC6E57EDD7A}.Release|Any CPU.Build.0 = Release|Any CPU
	EndGlobalSection
	GlobalSection(SolutionProperties) = preSolution
		HideSolutionNode = FALSE
	EndGlobalSection
	GlobalSection(ExtensibilityGlobals) = postSolution
		SolutionGuid = {E047460D-A90F-4294-B736-549CE5250DD4}
	EndGlobalSection
EndGlobal
